
Microsoft Visual Studio Solution File, Format Version 12.00
# Visual Studio Version 17
VisualStudioVersion = 17.7.34031.279
MinimumVisualStudioVersion = 10.0.40219.1
Project("{FAE04EC0-301F-11D3-BF4B-00C04F79EFBC}") = "arielramos-progreso1", "arielramos-progreso1.csproj", "{156A3C01-4241-4320-A987-19136E5737D5}"
EndProject
Global
	GlobalSection(SolutionConfigurationPlatforms) = preSolution
		Debug|Any CPU = Debug|Any CPU
		Release|Any CPU = Release|Any CPU
	EndGlobalSection
	GlobalSection(ProjectConfigurationPlatforms) = postSolution
		{156A3C01-4241-4320-A987-19136E5737D5}.Debug|Any CPU.ActiveCfg = Debug|Any CPU
		{156A3C01-4241-4320-A987-19136E5737D5}.Debug|Any CPU.Build.0 = Debug|Any CPU
		{156A3C01-4241-4320-A987-19136E5737D5}.Release|Any CPU.ActiveCfg = Release|Any CPU
		{156A3C01-4241-4320-A987-19136E5737D5}.Release|Any CPU.Build.0 = Release|Any CPU
	EndGlobalSection
	GlobalSection(SolutionProperties) = preSolution
		HideSolutionNode = FALSE
	EndGlobalSection
	GlobalSection(ExtensibilityGlobals) = postSolution
		SolutionGuid = {2FE9D158-8031-4020-923A-2BF99A78A764}
	EndGlobalSection
EndGlobal
